
Microsoft Visual Studio Solution File, Format Version 12.00
# Visual Studio Version 17
VisualStudioVersion = 17.8.34525.116
MinimumVisualStudioVersion = 10.0.40219.1
Project("{8BC9CEB8-8B4A-11D0-8D11-00A0C91BC942}") = "MemoryDisclosureNonPaged", "MemoryDisclosureNonPaged.vcxproj", "{C285A4BB-1857-4AF2-8E5E-9712688308E0}"
EndProject
Global
	GlobalSection(SolutionConfigurationPlatforms) = preSolution
		Debug|x64 = Debug|x64
		Debug|x86 = Debug|x86
		Release|x64 = Release|x64
		Release|x86 = Release|x86
	EndGlobalSection
	GlobalSection(ProjectConfigurationPlatforms) = postSolution
		{C285A4BB-1857-4AF2-8E5E-9712688308E0}.Debug|x64.ActiveCfg = Debug|x64
		{C285A4BB-1857-4AF2-8E5E-9712688308E0}.Debug|x64.Build.0 = Debug|x64
		{C285A4BB-1857-4AF2-8E5E-9712688308E0}.Debug|x86.ActiveCfg = Debug|Win32
		{C285A4BB-1857-4AF2-8E5E-9712688308E0}.Debug|x86.Build.0 = Debug|Win32
		{C285A4BB-1857-4AF2-8E5E-9712688308E0}.Release|x64.ActiveCfg = Release|x64
		{C285A4BB-1857-4AF2-8E5E-9712688308E0}.Release|x64.Build.0 = Release|x64
		{C285A4BB-1857-4AF2-8E5E-9712688308E0}.Release|x86.ActiveCfg = Release|Win32
		{C285A4BB-1857-4AF2-8E5E-9712688308E0}.Release|x86.Build.0 = Release|Win32
	EndGlobalSection
	GlobalSection(SolutionProperties) = preSolution
		HideSolutionNode = FALSE
	EndGlobalSection
	GlobalSection(ExtensibilityGlobals) = postSolution
		SolutionGuid = {4BF5041C-8E70-45BD-BF61-CD383AE7DFFB}
	EndGlobalSection
EndGlobal
