
Microsoft Visual Studio Solution File, Format Version 12.00
# Visual Studio Version 17
VisualStudioVersion = 17.8.34525.116
MinimumVisualStudioVersion = 10.0.40219.1
Project("{8BC9CEB8-8B4A-11D0-8D11-00A0C91BC942}") = "IntegerOverflow", "IntegerOverflow.vcxproj", "{3F42A17A-9689-4405-A0A9-97A6936B616E}"
EndProject
Global
	GlobalSection(SolutionConfigurationPlatforms) = preSolution
		Debug|x64 = Debug|x64
		Debug|x86 = Debug|x86
		Release|x64 = Release|x64
		Release|x86 = Release|x86
	EndGlobalSection
	GlobalSection(ProjectConfigurationPlatforms) = postSolution
		{3F42A17A-9689-4405-A0A9-97A6936B616E}.Debug|x64.ActiveCfg = Debug|x64
		{3F42A17A-9689-4405-A0A9-97A6936B616E}.Debug|x64.Build.0 = Debug|x64
		{3F42A17A-9689-4405-A0A9-97A6936B616E}.Debug|x86.ActiveCfg = Debug|Win32
		{3F42A17A-9689-4405-A0A9-97A6936B616E}.Debug|x86.Build.0 = Debug|Win32
		{3F42A17A-9689-4405-A0A9-97A6936B616E}.Release|x64.ActiveCfg = Release|x64
		{3F42A17A-9689-4405-A0A9-97A6936B616E}.Release|x64.Build.0 = Release|x64
		{3F42A17A-9689-4405-A0A9-97A6936B616E}.Release|x86.ActiveCfg = Release|Win32
		{3F42A17A-9689-4405-A0A9-97A6936B616E}.Release|x86.Build.0 = Release|Win32
	EndGlobalSection
	GlobalSection(SolutionProperties) = preSolution
		HideSolutionNode = FALSE
	EndGlobalSection
	GlobalSection(ExtensibilityGlobals) = postSolution
		SolutionGuid = {E15E9420-3447-459D-BCCA-7240A9C0BE02}
	EndGlobalSection
EndGlobal
