
Microsoft Visual Studio Solution File, Format Version 12.00
# Visual Studio Version 17
VisualStudioVersion = 17.8.34525.116
MinimumVisualStudioVersion = 10.0.40219.1
Project("{8BC9CEB8-8B4A-11D0-8D11-00A0C91BC942}") = "WriteNULL", "WriteNULL.vcxproj", "{3487415C-9EA0-439E-83F9-74203EE0E3C8}"
EndProject
Global
	GlobalSection(SolutionConfigurationPlatforms) = preSolution
		Debug|x64 = Debug|x64
		Debug|x86 = Debug|x86
		Release|x64 = Release|x64
		Release|x86 = Release|x86
	EndGlobalSection
	GlobalSection(ProjectConfigurationPlatforms) = postSolution
		{3487415C-9EA0-439E-83F9-74203EE0E3C8}.Debug|x64.ActiveCfg = Debug|x64
		{3487415C-9EA0-439E-83F9-74203EE0E3C8}.Debug|x64.Build.0 = Debug|x64
		{3487415C-9EA0-439E-83F9-74203EE0E3C8}.Debug|x86.ActiveCfg = Debug|Win32
		{3487415C-9EA0-439E-83F9-74203EE0E3C8}.Debug|x86.Build.0 = Debug|Win32
		{3487415C-9EA0-439E-83F9-74203EE0E3C8}.Release|x64.ActiveCfg = Release|x64
		{3487415C-9EA0-439E-83F9-74203EE0E3C8}.Release|x64.Build.0 = Release|x64
		{3487415C-9EA0-439E-83F9-74203EE0E3C8}.Release|x86.ActiveCfg = Release|Win32
		{3487415C-9EA0-439E-83F9-74203EE0E3C8}.Release|x86.Build.0 = Release|Win32
	EndGlobalSection
	GlobalSection(SolutionProperties) = preSolution
		HideSolutionNode = FALSE
	EndGlobalSection
	GlobalSection(ExtensibilityGlobals) = postSolution
		SolutionGuid = {56EE9D4D-F788-475E-A488-8E4C09C900CC}
	EndGlobalSection
EndGlobal
