
Microsoft Visual Studio Solution File, Format Version 12.00
# Visual Studio Version 17
VisualStudioVersion = 17.8.34525.116
MinimumVisualStudioVersion = 10.0.40219.1
Project("{8BC9CEB8-8B4A-11D0-8D11-00A0C91BC942}") = "AllocateFakeObjectNX", "AllocateFakeObjectNX.vcxproj", "{32878BDC-2DDF-4A01-81E9-F93018B18416}"
EndProject
Global
	GlobalSection(SolutionConfigurationPlatforms) = preSolution
		Debug|x64 = Debug|x64
		Debug|x86 = Debug|x86
		Release|x64 = Release|x64
		Release|x86 = Release|x86
	EndGlobalSection
	GlobalSection(ProjectConfigurationPlatforms) = postSolution
		{32878BDC-2DDF-4A01-81E9-F93018B18416}.Debug|x64.ActiveCfg = Debug|x64
		{32878BDC-2DDF-4A01-81E9-F93018B18416}.Debug|x64.Build.0 = Debug|x64
		{32878BDC-2DDF-4A01-81E9-F93018B18416}.Debug|x86.ActiveCfg = Debug|Win32
		{32878BDC-2DDF-4A01-81E9-F93018B18416}.Debug|x86.Build.0 = Debug|Win32
		{32878BDC-2DDF-4A01-81E9-F93018B18416}.Release|x64.ActiveCfg = Release|x64
		{32878BDC-2DDF-4A01-81E9-F93018B18416}.Release|x64.Build.0 = Release|x64
		{32878BDC-2DDF-4A01-81E9-F93018B18416}.Release|x86.ActiveCfg = Release|Win32
		{32878BDC-2DDF-4A01-81E9-F93018B18416}.Release|x86.Build.0 = Release|Win32
	EndGlobalSection
	GlobalSection(SolutionProperties) = preSolution
		HideSolutionNode = FALSE
	EndGlobalSection
	GlobalSection(ExtensibilityGlobals) = postSolution
		SolutionGuid = {DE8342BF-BB7B-4C6B-932B-6B5A54335B75}
	EndGlobalSection
EndGlobal
